
Microsoft Visual Studio Solution File, Format Version 12.00
# Visual Studio Version 17
VisualStudioVersion = 17.7.34221.43
MinimumVisualStudioVersion = 10.0.40219.1
Project("{FAE04EC0-301F-11D3-BF4B-00C04F79EFBC}") = "VetClinicServer", "VetClinicServer\VetClinicServer.csproj", "{5A978D21-9425-4FC7-AC81-E915327F4086}"
EndProject
Global
	GlobalSection(SolutionConfigurationPlatforms) = preSolution
		Debug|Any CPU = Debug|Any CPU
		Release|Any CPU = Release|Any CPU
	EndGlobalSection
	GlobalSection(ProjectConfigurationPlatforms) = postSolution
		{5A978D21-9425-4FC7-AC81-E915327F4086}.Debug|Any CPU.ActiveCfg = Debug|Any CPU
		{5A978D21-9425-4FC7-AC81-E915327F4086}.Debug|Any CPU.Build.0 = Debug|Any CPU
		{5A978D21-9425-4FC7-AC81-E915327F4086}.Release|Any CPU.ActiveCfg = Release|Any CPU
		{5A978D21-9425-4FC7-AC81-E915327F4086}.Release|Any CPU.Build.0 = Release|Any CPU
	EndGlobalSection
	GlobalSection(SolutionProperties) = preSolution
		HideSolutionNode = FALSE
	EndGlobalSection
	GlobalSection(ExtensibilityGlobals) = postSolution
		SolutionGuid = {E8DE944E-2ADC-4A97-88E3-F0D247AEF8E0}
	EndGlobalSection
EndGlobal
